
Microsoft Visual Studio Solution File, Format Version 12.00
# Visual Studio Version 16
VisualStudioVersion = 16.0.31025.218
MinimumVisualStudioVersion = 10.0.40219.1
Project("{FAE04EC0-301F-11D3-BF4B-00C04F79EFBC}") = "BlazorWasmTailwindCSS", "BlazorWasmTailwindCSS\BlazorWasmTailwindCSS.csproj", "{173A5896-169A-4464-9051-B7A9DE51F4D1}"
EndProject
Global
	GlobalSection(SolutionConfigurationPlatforms) = preSolution
		Debug|Any CPU = Debug|Any CPU
		Release|Any CPU = Release|Any CPU
	EndGlobalSection
	GlobalSection(ProjectConfigurationPlatforms) = postSolution
		{173A5896-169A-4464-9051-B7A9DE51F4D1}.Debug|Any CPU.ActiveCfg = Debug|Any CPU
		{173A5896-169A-4464-9051-B7A9DE51F4D1}.Debug|Any CPU.Build.0 = Debug|Any CPU
		{173A5896-169A-4464-9051-B7A9DE51F4D1}.Release|Any CPU.ActiveCfg = Release|Any CPU
		{173A5896-169A-4464-9051-B7A9DE51F4D1}.Release|Any CPU.Build.0 = Release|Any CPU
	EndGlobalSection
	GlobalSection(SolutionProperties) = preSolution
		HideSolutionNode = FALSE
	EndGlobalSection
	GlobalSection(ExtensibilityGlobals) = postSolution
		SolutionGuid = {793E61F6-9D8F-4B0B-B7AF-9045F493AC20}
	EndGlobalSection
EndGlobal
